# THIS IS AN AUTOGENERATED FILE. DO NOT EDIT THIS FILE DIRECTLY.
# yarn lockfile v1


"@vant/weapp@^1.10.4":
  "integrity" "sha512-S0T6myy4Ve4ZClRujJKP1Eu5hP5GFkVeQH587uakhacrQ+9Fp23gfnmo+dKMf7FbjTRqQu+ehxcr0Ba75iV8HA=="
  "resolved" "https://registry.npmjs.org/@vant/weapp/-/weapp-1.10.4.tgz"
  "version" "1.10.4"
